
Microsoft Visual Studio Solution File, Format Version 12.00
# Visual Studio Version 16
VisualStudioVersion = 16.0.30611.23
MinimumVisualStudioVersion = 10.0.40219.1
Project("{9A19103F-16F7-4668-BE54-9A1E7A4F7556}") = "BladeEngine.Core", "BladeEngine.Core\BladeEngine.Core.csproj", "{C0045100-4758-48D1-8360-D2052F4B1200}"
EndProject
Project("{9A19103F-16F7-4668-BE54-9A1E7A4F7556}") = "BladeEngine.CLI", "BladeEngine.CLI\BladeEngine.CLI.csproj", "{4F52F5BB-73C3-42FF-A781-8052DE943499}"
EndProject
Project("{9A19103F-16F7-4668-BE54-9A1E7A4F7556}") = "BladeEngine.CSharp", "BladeEngine.CSharp\BladeEngine.CSharp.csproj", "{55656B71-4730-48C6-9A96-506140A1D8A2}"
EndProject
Project("{9A19103F-16F7-4668-BE54-9A1E7A4F7556}") = "BladeEngine.Java", "BladeEngine.Java\BladeEngine.Java.csproj", "{92CD22FB-E45C-4A88-94A8-AA6B8C0710A2}"
EndProject
Project("{9A19103F-16F7-4668-BE54-9A1E7A4F7556}") = "BladeEngine.VisualBasic", "BladeEngine.VisualBasic\BladeEngine.VisualBasic.csproj", "{E74E6E23-3CFD-4A00-B683-32B77772D2E3}"
EndProject
Project("{FAE04EC0-301F-11D3-BF4B-00C04F79EFBC}") = "BladeEngine.Javascript", "BladeEngine.Javascript\BladeEngine.Javascript.csproj", "{E2043F24-AF97-4256-984E-64C527353710}"
EndProject
Global
	GlobalSection(SolutionConfigurationPlatforms) = preSolution
		Debug|Any CPU = Debug|Any CPU
		Release|Any CPU = Release|Any CPU
	EndGlobalSection
	GlobalSection(ProjectConfigurationPlatforms) = postSolution
		{C0045100-4758-48D1-8360-D2052F4B1200}.Debug|Any CPU.ActiveCfg = Debug|Any CPU
		{C0045100-4758-48D1-8360-D2052F4B1200}.Debug|Any CPU.Build.0 = Debug|Any CPU
		{C0045100-4758-48D1-8360-D2052F4B1200}.Release|Any CPU.ActiveCfg = Release|Any CPU
		{C0045100-4758-48D1-8360-D2052F4B1200}.Release|Any CPU.Build.0 = Release|Any CPU
		{4F52F5BB-73C3-42FF-A781-8052DE943499}.Debug|Any CPU.ActiveCfg = Debug|Any CPU
		{4F52F5BB-73C3-42FF-A781-8052DE943499}.Debug|Any CPU.Build.0 = Debug|Any CPU
		{4F52F5BB-73C3-42FF-A781-8052DE943499}.Release|Any CPU.ActiveCfg = Release|Any CPU
		{4F52F5BB-73C3-42FF-A781-8052DE943499}.Release|Any CPU.Build.0 = Release|Any CPU
		{55656B71-4730-48C6-9A96-506140A1D8A2}.Debug|Any CPU.ActiveCfg = Debug|Any CPU
		{55656B71-4730-48C6-9A96-506140A1D8A2}.Debug|Any CPU.Build.0 = Debug|Any CPU
		{55656B71-4730-48C6-9A96-506140A1D8A2}.Release|Any CPU.ActiveCfg = Release|Any CPU
		{55656B71-4730-48C6-9A96-506140A1D8A2}.Release|Any CPU.Build.0 = Release|Any CPU
		{92CD22FB-E45C-4A88-94A8-AA6B8C0710A2}.Debug|Any CPU.ActiveCfg = Debug|Any CPU
		{92CD22FB-E45C-4A88-94A8-AA6B8C0710A2}.Debug|Any CPU.Build.0 = Debug|Any CPU
		{92CD22FB-E45C-4A88-94A8-AA6B8C0710A2}.Release|Any CPU.ActiveCfg = Release|Any CPU
		{92CD22FB-E45C-4A88-94A8-AA6B8C0710A2}.Release|Any CPU.Build.0 = Release|Any CPU
		{E74E6E23-3CFD-4A00-B683-32B77772D2E3}.Debug|Any CPU.ActiveCfg = Debug|Any CPU
		{E74E6E23-3CFD-4A00-B683-32B77772D2E3}.Debug|Any CPU.Build.0 = Debug|Any CPU
		{E74E6E23-3CFD-4A00-B683-32B77772D2E3}.Release|Any CPU.ActiveCfg = Release|Any CPU
		{E74E6E23-3CFD-4A00-B683-32B77772D2E3}.Release|Any CPU.Build.0 = Release|Any CPU
		{E2043F24-AF97-4256-984E-64C527353710}.Debug|Any CPU.ActiveCfg = Debug|Any CPU
		{E2043F24-AF97-4256-984E-64C527353710}.Debug|Any CPU.Build.0 = Debug|Any CPU
		{E2043F24-AF97-4256-984E-64C527353710}.Release|Any CPU.ActiveCfg = Release|Any CPU
		{E2043F24-AF97-4256-984E-64C527353710}.Release|Any CPU.Build.0 = Release|Any CPU
	EndGlobalSection
	GlobalSection(SolutionProperties) = preSolution
		HideSolutionNode = FALSE
	EndGlobalSection
	GlobalSection(ExtensibilityGlobals) = postSolution
		SolutionGuid = {E3E088E8-CB74-476A-B184-6956770A7962}
	EndGlobalSection
EndGlobal
